// !$*UTF8*$!
{
	archiveVersion = 1;
	classes = {
	};
	objectVersion = 77;
	objects = {

/* Begin PBXBuildFile section */
		0A15875862C8EB1A86E3C792 /* RecordingSessionCoordinatorTests.swift in Sources */ = {isa = PBXBuildFile; fileRef = 680A84F158E14BBD21E703A8 /* RecordingSessionCoordinatorTests.swift */; };
		0EBD5316A0F3E5E9493AFACE /* SilencePauseThreshold.swift in Sources */ = {isa = PBXBuildFile; fileRef = EF4859E4D9A79148CCAB4AC5 /* SilencePauseThreshold.swift */; };
		0F886F808C24AD1FAA99478B /* StopRecordingIntent.swift in Sources */ = {isa = PBXBuildFile; fileRef = BCB21276D4BACDB7EB8606C4 /* StopRecordingIntent.swift */; };
		12CFA8919C1C890A1ED1A70C /* AppStateContainer.swift in Sources */ = {isa = PBXBuildFile; fileRef = 76D6A0D2DE53B9F2DE0D9903 /* AppStateContainer.swift */; };
		162F637936AD7628883EBD65 /* SettingsViewCache.swift in Sources */ = {isa = PBXBuildFile; fileRef = 656AAD017BD8575B48738BE6 /* SettingsViewCache.swift */; };
		1874D46A24881DD6BE7AAAD0 /* ShellScriptExecutor.swift in Sources */ = {isa = PBXBuildFile; fileRef = 9DA8803714DCC07DE2BE7968 /* ShellScriptExecutor.swift */; };
		1BB70970282EF3C43F08326D /* ScriptableApplication.swift in Sources */ = {isa = PBXBuildFile; fileRef = A7F6EAB05A984DD0715379AA /* ScriptableApplication.swift */; };
		20E5D0DE02442FFF8F13ECE9 /* VisualAssetsTests.swift in Sources */ = {isa = PBXBuildFile; fileRef = 9A1AD9EA54881A02441408A1 /* VisualAssetsTests.swift */; };
		23CDD1E1F57C35E1BACD9CD0 /* TranscriptWriterTests.swift in Sources */ = {isa = PBXBuildFile; fileRef = 5762BC9ACB64399002352CBC /* TranscriptWriterTests.swift */; };
		24C19C2FF04420A471104E28 /* StartRecordingIntentTests.swift in Sources */ = {isa = PBXBuildFile; fileRef = B2D30E8B7C1AA1546E008ABB /* StartRecordingIntentTests.swift */; };
		323CC4E499021C9A652C893B /* GetRecordingStatusIntentTests.swift in Sources */ = {isa = PBXBuildFile; fileRef = 99028A1B021868435F18DE9D /* GetRecordingStatusIntentTests.swift */; };
		355A16907F2EF67A79BA08E4 /* MenuBarViewTests.swift in Sources */ = {isa = PBXBuildFile; fileRef = C7902940F09F84F685C1EE40 /* MenuBarViewTests.swift */; };
		35801BF24D60AF75A758E0AF /* CallTranscriptionApp.swift in Sources */ = {isa = PBXBuildFile; fileRef = 1507D82FC70B697ADB891DF6 /* CallTranscriptionApp.swift */; };
		3A2462BD7D9EF2BDDE330B66 /* MicrophonePermissionHandler.swift in Sources */ = {isa = PBXBuildFile; fileRef = 2AA2244C883B92416DE4803C /* MicrophonePermissionHandler.swift */; };
		45F7253F3E3CA0D9887D15D7 /* ConsentDialogView.swift in Sources */ = {isa = PBXBuildFile; fileRef = 106F623C49C22E447C38C0A5 /* ConsentDialogView.swift */; };
		47CE13A6B71D647D54BD84DE /* CallTranscriptionError.swift in Sources */ = {isa = PBXBuildFile; fileRef = 0657F96D2E40E3389E766B07 /* CallTranscriptionError.swift */; };
		4DD997AC21F137568A88FD79 /* ShellScriptExecutorTests.swift in Sources */ = {isa = PBXBuildFile; fileRef = 1235EA4033020F640692F879 /* ShellScriptExecutorTests.swift */; };
		554F0F9A6C34099BC9570968 /* AppleScriptCommands.swift in Sources */ = {isa = PBXBuildFile; fileRef = AF0454A6A94BD1B2C55C9CA5 /* AppleScriptCommands.swift */; };
		5B02295540A952BABE02E3B6 /* AppleScriptIntegrationTests.swift in Sources */ = {isa = PBXBuildFile; fileRef = 95AC1A98A7166B70D569FCAE /* AppleScriptIntegrationTests.swift */; };
		5D314F676298F5F207DA2409 /* SettingsViewAccessibilityTests.swift in Sources */ = {isa = PBXBuildFile; fileRef = 2CCD6118658147437E67D5B2 /* SettingsViewAccessibilityTests.swift */; };
		5DDBA841B27D820FC9888C14 /* AppShortcutsProvider.swift in Sources */ = {isa = PBXBuildFile; fileRef = 1543958CFB7A5B7CEF498999 /* AppShortcutsProvider.swift */; };
		6256204984916781E48DF883 /* DocumentationTests.swift in Sources */ = {isa = PBXBuildFile; fileRef = 6A9E66C5100147BA741122CD /* DocumentationTests.swift */; };
		667A0C69A41F1FDFE6BEF844 /* MenuBarView.swift in Sources */ = {isa = PBXBuildFile; fileRef = F014C487C1E73F33DAB317CD /* MenuBarView.swift */; };
		686EAA42BCD5A4BC6C0423C2 /* ShortcutExecutor.swift in Sources */ = {isa = PBXBuildFile; fileRef = BDEACAD1884550AA677DE6EE /* ShortcutExecutor.swift */; };
		6D6D093E40D6B3DCEA49FCC0 /* SettingsView.swift in Sources */ = {isa = PBXBuildFile; fileRef = 7E7A54A678DA5B048E710A0E /* SettingsView.swift */; };
		6E8F1A28DF73EB8F094B72E9 /* SystemAudioCapture.swift in Sources */ = {isa = PBXBuildFile; fileRef = 48956BE463D64897BAACB155 /* SystemAudioCapture.swift */; };
		7001D88F47E8FEF996BCD70E /* SpeechPermissionHandlerTests.swift in Sources */ = {isa = PBXBuildFile; fileRef = 4777782B3B8224DE61225D48 /* SpeechPermissionHandlerTests.swift */; };
		7AB2D7448A3CF22502BCE9C1 /* AppleScriptCommandsTests.swift in Sources */ = {isa = PBXBuildFile; fileRef = 022C66243E277745CFB35522 /* AppleScriptCommandsTests.swift */; };
		7F562D9749E9136C5552ABB3 /* ConfigureSettingsIntent.swift in Sources */ = {isa = PBXBuildFile; fileRef = E1F72653C0B9DF850283C9D0 /* ConfigureSettingsIntent.swift */; };
		827E8015E7D05D6B3E34BD07 /* AudioLevelAnalyzerTests.swift in Sources */ = {isa = PBXBuildFile; fileRef = 5402519B03BCFDD48BA7E0B9 /* AudioLevelAnalyzerTests.swift */; };
		8540D429DC2F0F7244CFED02 /* SettingsManagerTests.swift in Sources */ = {isa = PBXBuildFile; fileRef = 505AB35CBBAFC38A3F994C27 /* SettingsManagerTests.swift */; };
		864FCECF141EE8467DD83EC6 /* ShortcutExecutorTests.swift in Sources */ = {isa = PBXBuildFile; fileRef = C62A30A04C1CDC6F8981F1DA /* ShortcutExecutorTests.swift */; };
		87C2F7E5A8326973EEC14B37 /* PathValidatorTests.swift in Sources */ = {isa = PBXBuildFile; fileRef = C714FE708AA83CCBFB9AFE4F /* PathValidatorTests.swift */; };
		8B6D2CF1D934F28904543C3A /* LocalizationInfrastructureTests.swift in Sources */ = {isa = PBXBuildFile; fileRef = 6737A13ABCCCBFBB9AA11127 /* LocalizationInfrastructureTests.swift */; };
		8EDC58CA384E0DBF3EAE4E62 /* MenuBarViewAccessibilityTests.swift in Sources */ = {isa = PBXBuildFile; fileRef = 1C80480C9753107EF4CBFF14 /* MenuBarViewAccessibilityTests.swift */; };
		90F7EC4F9D2B467B8ED305F3 /* AppState.swift in Sources */ = {isa = PBXBuildFile; fileRef = 88F77224D3D8A90FADD99091 /* AppState.swift */; };
		90F9DC491B4E83FD407B502D /* AudioMixerTests.swift in Sources */ = {isa = PBXBuildFile; fileRef = 83E15EB281B79A6B4C0CC140 /* AudioMixerTests.swift */; };
		946D4036F6FEF82E0CA73D0E /* GetRecordingStatusIntent.swift in Sources */ = {isa = PBXBuildFile; fileRef = C315914A2B6A149B42F46FAA /* GetRecordingStatusIntent.swift */; };
		968C93EB15F75899E8EEECA3 /* TranscriptWriter.swift in Sources */ = {isa = PBXBuildFile; fileRef = 1599984599A99DDB699C1CD0 /* TranscriptWriter.swift */; };
		9A57251349AAB7DF82D8B6F3 /* OutputFolderManager.swift in Sources */ = {isa = PBXBuildFile; fileRef = FFB9E1DE02AD3F396823FAD0 /* OutputFolderManager.swift */; };
		9F3DC7A0EF8A3341F86DE6BA /* ProjectConfigurationTests.swift in Sources */ = {isa = PBXBuildFile; fileRef = AAB7B8EFF1D85E68D2829EB8 /* ProjectConfigurationTests.swift */; };
		A0E877061DB3A07AD34391E8 /* SpeechPermissionHandler.swift in Sources */ = {isa = PBXBuildFile; fileRef = 03224E82517978C1E947CA30 /* SpeechPermissionHandler.swift */; };
		A16119F89CE97C74F8D1EB8E /* StopRecordingIntentTests.swift in Sources */ = {isa = PBXBuildFile; fileRef = FD8032029B057A6210C5464C /* StopRecordingIntentTests.swift */; };
		A1C59421C0AA40A8B1589B98 /* ConfigureSettingsIntentTests.swift in Sources */ = {isa = PBXBuildFile; fileRef = 837EB55A7B5FA3FCC3F48B0C /* ConfigureSettingsIntentTests.swift */; };
		A3E16D97897C092E8CA6B4A7 /* AudioMixer.swift in Sources */ = {isa = PBXBuildFile; fileRef = 1B771836D4E7099E97A3CCDD /* AudioMixer.swift */; };
		A410FDBC8CD2A33C6A09C1B4 /* MenuBarViewLocalizationTests.swift in Sources */ = {isa = PBXBuildFile; fileRef = 3A5C3850689572C9A2C55CE4 /* MenuBarViewLocalizationTests.swift */; };
		A60DD92FFE0109CBEBAB38FD /* MicrophonePermissionHandlerTests.swift in Sources */ = {isa = PBXBuildFile; fileRef = B422AA672952D72BE7C03543 /* MicrophonePermissionHandlerTests.swift */; };
		A6687A5D123A47F86ED66907 /* ConsentDialogViewAccessibilityTests.swift in Sources */ = {isa = PBXBuildFile; fileRef = 55CC226A4EC5B2E9BF2C3EB1 /* ConsentDialogViewAccessibilityTests.swift */; };
		B389554621A06C69E8D96312 /* SettingsViewTests.swift in Sources */ = {isa = PBXBuildFile; fileRef = A8EDECC3E117D2BC547E9BC3 /* SettingsViewTests.swift */; };
		B3FD3C7687B0155E2E51ADC5 /* CallTranscriptionErrorTests.swift in Sources */ = {isa = PBXBuildFile; fileRef = 143FA64342B9D7E610046B7E /* CallTranscriptionErrorTests.swift */; };
		B9293BE03032849F5F480414 /* SilenceDetector.swift in Sources */ = {isa = PBXBuildFile; fileRef = 3E442F96EB088404DD4DAF1E /* SilenceDetector.swift */; };
		BCA18FC8211BBED1A8EBFA2E /* RecordingConfiguration.swift in Sources */ = {isa = PBXBuildFile; fileRef = 9EB4D4EEBFD4A3E9A5D0024F /* RecordingConfiguration.swift */; };
		C3C9EB6DEB88192A2315379B /* SettingsViewCacheTests.swift in Sources */ = {isa = PBXBuildFile; fileRef = E8CD4216B9C3A5370BCC0C34 /* SettingsViewCacheTests.swift */; };
		CA24C1DD2440AD36AE089F8B /* SettingsManager.swift in Sources */ = {isa = PBXBuildFile; fileRef = 313D538D7EB1D0E45613B4ED /* SettingsManager.swift */; };
		CB7550B052F8146B148F67BC /* IntentsIntegrationTests.swift in Sources */ = {isa = PBXBuildFile; fileRef = 060C4319EF5EA679D9AFAC0A /* IntentsIntegrationTests.swift */; };
		CDEC22DE30999B85093C5F68 /* SilenceDetectorTests.swift in Sources */ = {isa = PBXBuildFile; fileRef = 0F554556A6C0492E90F16701 /* SilenceDetectorTests.swift */; };
		CE1D73E556C8FD65B90116D6 /* PathValidator.swift in Sources */ = {isa = PBXBuildFile; fileRef = E987A255272E791E09EFCF42 /* PathValidator.swift */; };
		CE2CB29FEAF80F02292FDCD3 /* EndToEndIntegrationTests.swift in Sources */ = {isa = PBXBuildFile; fileRef = C1BA3BDC46457393389C4602 /* EndToEndIntegrationTests.swift */; };
		D219F51D9F11A6AF21E312F5 /* AudioLevelAnalyzer.swift in Sources */ = {isa = PBXBuildFile; fileRef = 096E793E6FE8FA52FB8956F0 /* AudioLevelAnalyzer.swift */; };
		D5E6316506F8765F1D8E1469 /* StartRecordingIntent.swift in Sources */ = {isa = PBXBuildFile; fileRef = 0770D247113D1A57736910E5 /* StartRecordingIntent.swift */; };
		D9439D7EB36AE114952EC717 /* Localizable.xcstrings in Resources */ = {isa = PBXBuildFile; fileRef = 1D8A2C43766356DF4D35DD84 /* Localizable.xcstrings */; };
		E3B767918CD9A08B2A6FDE40 /* MicrophoneCapture.swift in Sources */ = {isa = PBXBuildFile; fileRef = E5D003BED620B269E29D8CDA /* MicrophoneCapture.swift */; };
		E4F497E4EB98C392262C4D27 /* PerformanceAndMemoryTests.swift in Sources */ = {isa = PBXBuildFile; fileRef = C1EC3A1B8C79D0543AB06927 /* PerformanceAndMemoryTests.swift */; };
		E5054B71ACFB5D1B96C6562F /* AppStateTests.swift in Sources */ = {isa = PBXBuildFile; fileRef = 7803A35D6B08C16D4B169935 /* AppStateTests.swift */; };
		E53DADB98F0EB48ED69FF3AC /* AppShortcutsProviderTests.swift in Sources */ = {isa = PBXBuildFile; fileRef = 8CFC3A44160366392EB433DF /* AppShortcutsProviderTests.swift */; };
		E55898E021914602C9C8AA8A /* TranscriptionManager.swift in Sources */ = {isa = PBXBuildFile; fileRef = 564F2A521BDBF6210D695200 /* TranscriptionManager.swift */; };
		E677AD9CE31EA46B860EB01C /* OutputFolderManagerTests.swift in Sources */ = {isa = PBXBuildFile; fileRef = AF4DE81C3FBB277DD83F66AC /* OutputFolderManagerTests.swift */; };
		EC636BDA3F980B84EB5B1CA6 /* TranscriptionManagerTests.swift in Sources */ = {isa = PBXBuildFile; fileRef = D38D6FF52EC1C1B8DED6F095 /* TranscriptionManagerTests.swift */; };
		ECAC234A1784BE93CA802A10 /* MicrophoneCaptureTests.swift in Sources */ = {isa = PBXBuildFile; fileRef = 661EF16D5EE1366035BC2141 /* MicrophoneCaptureTests.swift */; };
		F0868F0B3B58B1C8E9B81F93 /* SettingsViewPart1LocalizationTests.swift in Sources */ = {isa = PBXBuildFile; fileRef = 86C553264E2BEC77EBFDA63D /* SettingsViewPart1LocalizationTests.swift */; };
		F74E8FFC67136B49D5647BED /* SystemAudioCaptureTests.swift in Sources */ = {isa = PBXBuildFile; fileRef = C4F8DE56AE6A1D906B04577D /* SystemAudioCaptureTests.swift */; };
		FF46D0CEF84D6571340AC619 /* ConsentDialogViewTests.swift in Sources */ = {isa = PBXBuildFile; fileRef = CC68A1C8D09F5F1981FA49A4 /* ConsentDialogViewTests.swift */; };
		FF709386F695A885ADE80224 /* RecordingSessionCoordinator.swift in Sources */ = {isa = PBXBuildFile; fileRef = B7E28C8E9612924BB5C64308 /* RecordingSessionCoordinator.swift */; };
/* End PBXBuildFile section */

/* Begin PBXContainerItemProxy section */
		BB1746B94E97CCAE21D99012 /* PBXContainerItemProxy */ = {
			isa = PBXContainerItemProxy;
			containerPortal = 105D377AC1DABA1E21ED2E59 /* Project object */;
			proxyType = 1;
			remoteGlobalIDString = B28EBDD175DE8393D7795B4B;
			remoteInfo = CallTranscription;
		};
/* End PBXContainerItemProxy section */

/* Begin PBXFileReference section */
		022C66243E277745CFB35522 /* AppleScriptCommandsTests.swift */ = {isa = PBXFileReference; lastKnownFileType = sourcecode.swift; path = AppleScriptCommandsTests.swift; sourceTree = "<group>"; };
		03224E82517978C1E947CA30 /* SpeechPermissionHandler.swift */ = {isa = PBXFileReference; lastKnownFileType = sourcecode.swift; path = SpeechPermissionHandler.swift; sourceTree = "<group>"; };
		060C4319EF5EA679D9AFAC0A /* IntentsIntegrationTests.swift */ = {isa = PBXFileReference; lastKnownFileType = sourcecode.swift; path = IntentsIntegrationTests.swift; sourceTree = "<group>"; };
		0657F96D2E40E3389E766B07 /* CallTranscriptionError.swift */ = {isa = PBXFileReference; lastKnownFileType = sourcecode.swift; path = CallTranscriptionError.swift; sourceTree = "<group>"; };
		0770D247113D1A57736910E5 /* StartRecordingIntent.swift */ = {isa = PBXFileReference; lastKnownFileType = sourcecode.swift; path = StartRecordingIntent.swift; sourceTree = "<group>"; };
		096E793E6FE8FA52FB8956F0 /* AudioLevelAnalyzer.swift */ = {isa = PBXFileReference; lastKnownFileType = sourcecode.swift; path = AudioLevelAnalyzer.swift; sourceTree = "<group>"; };
		0F554556A6C0492E90F16701 /* SilenceDetectorTests.swift */ = {isa = PBXFileReference; lastKnownFileType = sourcecode.swift; path = SilenceDetectorTests.swift; sourceTree = "<group>"; };
		106F623C49C22E447C38C0A5 /* ConsentDialogView.swift */ = {isa = PBXFileReference; lastKnownFileType = sourcecode.swift; path = ConsentDialogView.swift; sourceTree = "<group>"; };
		1235EA4033020F640692F879 /* ShellScriptExecutorTests.swift */ = {isa = PBXFileReference; lastKnownFileType = sourcecode.swift; path = ShellScriptExecutorTests.swift; sourceTree = "<group>"; };
		143FA64342B9D7E610046B7E /* CallTranscriptionErrorTests.swift */ = {isa = PBXFileReference; lastKnownFileType = sourcecode.swift; path = CallTranscriptionErrorTests.swift; sourceTree = "<group>"; };
		1507D82FC70B697ADB891DF6 /* CallTranscriptionApp.swift */ = {isa = PBXFileReference; lastKnownFileType = sourcecode.swift; path = CallTranscriptionApp.swift; sourceTree = "<group>"; };
		1543958CFB7A5B7CEF498999 /* AppShortcutsProvider.swift */ = {isa = PBXFileReference; lastKnownFileType = sourcecode.swift; path = AppShortcutsProvider.swift; sourceTree = "<group>"; };
		1599984599A99DDB699C1CD0 /* TranscriptWriter.swift */ = {isa = PBXFileReference; lastKnownFileType = sourcecode.swift; path = TranscriptWriter.swift; sourceTree = "<group>"; };
		1B771836D4E7099E97A3CCDD /* AudioMixer.swift */ = {isa = PBXFileReference; lastKnownFileType = sourcecode.swift; path = AudioMixer.swift; sourceTree = "<group>"; };
		1C80480C9753107EF4CBFF14 /* MenuBarViewAccessibilityTests.swift */ = {isa = PBXFileReference; lastKnownFileType = sourcecode.swift; path = MenuBarViewAccessibilityTests.swift; sourceTree = "<group>"; };
		1D8A2C43766356DF4D35DD84 /* Localizable.xcstrings */ = {isa = PBXFileReference; lastKnownFileType = text.json.xcstrings; path = Localizable.xcstrings; sourceTree = "<group>"; };
		2AA2244C883B92416DE4803C /* MicrophonePermissionHandler.swift */ = {isa = PBXFileReference; lastKnownFileType = sourcecode.swift; path = MicrophonePermissionHandler.swift; sourceTree = "<group>"; };
		2CCD6118658147437E67D5B2 /* SettingsViewAccessibilityTests.swift */ = {isa = PBXFileReference; lastKnownFileType = sourcecode.swift; path = SettingsViewAccessibilityTests.swift; sourceTree = "<group>"; };
		313D538D7EB1D0E45613B4ED /* SettingsManager.swift */ = {isa = PBXFileReference; lastKnownFileType = sourcecode.swift; path = SettingsManager.swift; sourceTree = "<group>"; };
		3A5C3850689572C9A2C55CE4 /* MenuBarViewLocalizationTests.swift */ = {isa = PBXFileReference; lastKnownFileType = sourcecode.swift; path = MenuBarViewLocalizationTests.swift; sourceTree = "<group>"; };
		3E442F96EB088404DD4DAF1E /* SilenceDetector.swift */ = {isa = PBXFileReference; lastKnownFileType = sourcecode.swift; path = SilenceDetector.swift; sourceTree = "<group>"; };
		4777782B3B8224DE61225D48 /* SpeechPermissionHandlerTests.swift */ = {isa = PBXFileReference; lastKnownFileType = sourcecode.swift; path = SpeechPermissionHandlerTests.swift; sourceTree = "<group>"; };
		48956BE463D64897BAACB155 /* SystemAudioCapture.swift */ = {isa = PBXFileReference; lastKnownFileType = sourcecode.swift; path = SystemAudioCapture.swift; sourceTree = "<group>"; };
		505AB35CBBAFC38A3F994C27 /* SettingsManagerTests.swift */ = {isa = PBXFileReference; lastKnownFileType = sourcecode.swift; path = SettingsManagerTests.swift; sourceTree = "<group>"; };
		5402519B03BCFDD48BA7E0B9 /* AudioLevelAnalyzerTests.swift */ = {isa = PBXFileReference; lastKnownFileType = sourcecode.swift; path = AudioLevelAnalyzerTests.swift; sourceTree = "<group>"; };
		55CC226A4EC5B2E9BF2C3EB1 /* ConsentDialogViewAccessibilityTests.swift */ = {isa = PBXFileReference; lastKnownFileType = sourcecode.swift; path = ConsentDialogViewAccessibilityTests.swift; sourceTree = "<group>"; };
		564F2A521BDBF6210D695200 /* TranscriptionManager.swift */ = {isa = PBXFileReference; lastKnownFileType = sourcecode.swift; path = TranscriptionManager.swift; sourceTree = "<group>"; };
		5762BC9ACB64399002352CBC /* TranscriptWriterTests.swift */ = {isa = PBXFileReference; lastKnownFileType = sourcecode.swift; path = TranscriptWriterTests.swift; sourceTree = "<group>"; };
		656AAD017BD8575B48738BE6 /* SettingsViewCache.swift */ = {isa = PBXFileReference; lastKnownFileType = sourcecode.swift; path = SettingsViewCache.swift; sourceTree = "<group>"; };
		661EF16D5EE1366035BC2141 /* MicrophoneCaptureTests.swift */ = {isa = PBXFileReference; lastKnownFileType = sourcecode.swift; path = MicrophoneCaptureTests.swift; sourceTree = "<group>"; };
		6737A13ABCCCBFBB9AA11127 /* LocalizationInfrastructureTests.swift */ = {isa = PBXFileReference; lastKnownFileType = sourcecode.swift; path = LocalizationInfrastructureTests.swift; sourceTree = "<group>"; };
		680A84F158E14BBD21E703A8 /* RecordingSessionCoordinatorTests.swift */ = {isa = PBXFileReference; lastKnownFileType = sourcecode.swift; path = RecordingSessionCoordinatorTests.swift; sourceTree = "<group>"; };
		6A9E66C5100147BA741122CD /* DocumentationTests.swift */ = {isa = PBXFileReference; lastKnownFileType = sourcecode.swift; path = DocumentationTests.swift; sourceTree = "<group>"; };
		6B18C6601268A155FA1A1829 /* CallTranscriptionTests.entitlements */ = {isa = PBXFileReference; lastKnownFileType = text.plist.entitlements; path = CallTranscriptionTests.entitlements; sourceTree = "<group>"; };
		76D6A0D2DE53B9F2DE0D9903 /* AppStateContainer.swift */ = {isa = PBXFileReference; lastKnownFileType = sourcecode.swift; path = AppStateContainer.swift; sourceTree = "<group>"; };
		7803A35D6B08C16D4B169935 /* AppStateTests.swift */ = {isa = PBXFileReference; lastKnownFileType = sourcecode.swift; path = AppStateTests.swift; sourceTree = "<group>"; };
		7E7A54A678DA5B048E710A0E /* SettingsView.swift */ = {isa = PBXFileReference; lastKnownFileType = sourcecode.swift; path = SettingsView.swift; sourceTree = "<group>"; };
		837EB55A7B5FA3FCC3F48B0C /* ConfigureSettingsIntentTests.swift */ = {isa = PBXFileReference; lastKnownFileType = sourcecode.swift; path = ConfigureSettingsIntentTests.swift; sourceTree = "<group>"; };
		83E15EB281B79A6B4C0CC140 /* AudioMixerTests.swift */ = {isa = PBXFileReference; lastKnownFileType = sourcecode.swift; path = AudioMixerTests.swift; sourceTree = "<group>"; };
		86C553264E2BEC77EBFDA63D /* SettingsViewPart1LocalizationTests.swift */ = {isa = PBXFileReference; lastKnownFileType = sourcecode.swift; path = SettingsViewPart1LocalizationTests.swift; sourceTree = "<group>"; };
		88F77224D3D8A90FADD99091 /* AppState.swift */ = {isa = PBXFileReference; lastKnownFileType = sourcecode.swift; path = AppState.swift; sourceTree = "<group>"; };
		8CFC3A44160366392EB433DF /* AppShortcutsProviderTests.swift */ = {isa = PBXFileReference; lastKnownFileType = sourcecode.swift; path = AppShortcutsProviderTests.swift; sourceTree = "<group>"; };
		95AC1A98A7166B70D569FCAE /* AppleScriptIntegrationTests.swift */ = {isa = PBXFileReference; lastKnownFileType = sourcecode.swift; path = AppleScriptIntegrationTests.swift; sourceTree = "<group>"; };
		99028A1B021868435F18DE9D /* GetRecordingStatusIntentTests.swift */ = {isa = PBXFileReference; lastKnownFileType = sourcecode.swift; path = GetRecordingStatusIntentTests.swift; sourceTree = "<group>"; };
		9A1AD9EA54881A02441408A1 /* VisualAssetsTests.swift */ = {isa = PBXFileReference; lastKnownFileType = sourcecode.swift; path = VisualAssetsTests.swift; sourceTree = "<group>"; };
		9DA8803714DCC07DE2BE7968 /* ShellScriptExecutor.swift */ = {isa = PBXFileReference; lastKnownFileType = sourcecode.swift; path = ShellScriptExecutor.swift; sourceTree = "<group>"; };
		9EB4D4EEBFD4A3E9A5D0024F /* RecordingConfiguration.swift */ = {isa = PBXFileReference; lastKnownFileType = sourcecode.swift; path = RecordingConfiguration.swift; sourceTree = "<group>"; };
		A7F6EAB05A984DD0715379AA /* ScriptableApplication.swift */ = {isa = PBXFileReference; lastKnownFileType = sourcecode.swift; path = ScriptableApplication.swift; sourceTree = "<group>"; };
		A8EDECC3E117D2BC547E9BC3 /* SettingsViewTests.swift */ = {isa = PBXFileReference; lastKnownFileType = sourcecode.swift; path = SettingsViewTests.swift; sourceTree = "<group>"; };
		A92E9C84DD6666FB57E1F970 /* CallTranscriptionTests.xctest */ = {isa = PBXFileReference; explicitFileType = wrapper.cfbundle; includeInIndex = 0; path = CallTranscriptionTests.xctest; sourceTree = BUILT_PRODUCTS_DIR; };
		AAB7B8EFF1D85E68D2829EB8 /* ProjectConfigurationTests.swift */ = {isa = PBXFileReference; lastKnownFileType = sourcecode.swift; path = ProjectConfigurationTests.swift; sourceTree = "<group>"; };
		AF0454A6A94BD1B2C55C9CA5 /* AppleScriptCommands.swift */ = {isa = PBXFileReference; lastKnownFileType = sourcecode.swift; path = AppleScriptCommands.swift; sourceTree = "<group>"; };
		AF4DE81C3FBB277DD83F66AC /* OutputFolderManagerTests.swift */ = {isa = PBXFileReference; lastKnownFileType = sourcecode.swift; path = OutputFolderManagerTests.swift; sourceTree = "<group>"; };
		B2D30E8B7C1AA1546E008ABB /* StartRecordingIntentTests.swift */ = {isa = PBXFileReference; lastKnownFileType = sourcecode.swift; path = StartRecordingIntentTests.swift; sourceTree = "<group>"; };
		B422AA672952D72BE7C03543 /* MicrophonePermissionHandlerTests.swift */ = {isa = PBXFileReference; lastKnownFileType = sourcecode.swift; path = MicrophonePermissionHandlerTests.swift; sourceTree = "<group>"; };
		B7E28C8E9612924BB5C64308 /* RecordingSessionCoordinator.swift */ = {isa = PBXFileReference; lastKnownFileType = sourcecode.swift; path = RecordingSessionCoordinator.swift; sourceTree = "<group>"; };
		BCB21276D4BACDB7EB8606C4 /* StopRecordingIntent.swift */ = {isa = PBXFileReference; lastKnownFileType = sourcecode.swift; path = StopRecordingIntent.swift; sourceTree = "<group>"; };
		BDEACAD1884550AA677DE6EE /* ShortcutExecutor.swift */ = {isa = PBXFileReference; lastKnownFileType = sourcecode.swift; path = ShortcutExecutor.swift; sourceTree = "<group>"; };
		C1BA3BDC46457393389C4602 /* EndToEndIntegrationTests.swift */ = {isa = PBXFileReference; lastKnownFileType = sourcecode.swift; path = EndToEndIntegrationTests.swift; sourceTree = "<group>"; };
		C1EC3A1B8C79D0543AB06927 /* PerformanceAndMemoryTests.swift */ = {isa = PBXFileReference; lastKnownFileType = sourcecode.swift; path = PerformanceAndMemoryTests.swift; sourceTree = "<group>"; };
		C315914A2B6A149B42F46FAA /* GetRecordingStatusIntent.swift */ = {isa = PBXFileReference; lastKnownFileType = sourcecode.swift; path = GetRecordingStatusIntent.swift; sourceTree = "<group>"; };
		C4F8DE56AE6A1D906B04577D /* SystemAudioCaptureTests.swift */ = {isa = PBXFileReference; lastKnownFileType = sourcecode.swift; path = SystemAudioCaptureTests.swift; sourceTree = "<group>"; };
		C62A30A04C1CDC6F8981F1DA /* ShortcutExecutorTests.swift */ = {isa = PBXFileReference; lastKnownFileType = sourcecode.swift; path = ShortcutExecutorTests.swift; sourceTree = "<group>"; };
		C714FE708AA83CCBFB9AFE4F /* PathValidatorTests.swift */ = {isa = PBXFileReference; lastKnownFileType = sourcecode.swift; path = PathValidatorTests.swift; sourceTree = "<group>"; };
		C7902940F09F84F685C1EE40 /* MenuBarViewTests.swift */ = {isa = PBXFileReference; lastKnownFileType = sourcecode.swift; path = MenuBarViewTests.swift; sourceTree = "<group>"; };
		CC68A1C8D09F5F1981FA49A4 /* ConsentDialogViewTests.swift */ = {isa = PBXFileReference; lastKnownFileType = sourcecode.swift; path = ConsentDialogViewTests.swift; sourceTree = "<group>"; };
		D38D6FF52EC1C1B8DED6F095 /* TranscriptionManagerTests.swift */ = {isa = PBXFileReference; lastKnownFileType = sourcecode.swift; path = TranscriptionManagerTests.swift; sourceTree = "<group>"; };
		E1F72653C0B9DF850283C9D0 /* ConfigureSettingsIntent.swift */ = {isa = PBXFileReference; lastKnownFileType = sourcecode.swift; path = ConfigureSettingsIntent.swift; sourceTree = "<group>"; };
		E5D003BED620B269E29D8CDA /* MicrophoneCapture.swift */ = {isa = PBXFileReference; lastKnownFileType = sourcecode.swift; path = MicrophoneCapture.swift; sourceTree = "<group>"; };
		E8CD4216B9C3A5370BCC0C34 /* SettingsViewCacheTests.swift */ = {isa = PBXFileReference; lastKnownFileType = sourcecode.swift; path = SettingsViewCacheTests.swift; sourceTree = "<group>"; };
		E987A255272E791E09EFCF42 /* PathValidator.swift */ = {isa = PBXFileReference; lastKnownFileType = sourcecode.swift; path = PathValidator.swift; sourceTree = "<group>"; };
		EF4859E4D9A79148CCAB4AC5 /* SilencePauseThreshold.swift */ = {isa = PBXFileReference; lastKnownFileType = sourcecode.swift; path = SilencePauseThreshold.swift; sourceTree = "<group>"; };
		F014C487C1E73F33DAB317CD /* MenuBarView.swift */ = {isa = PBXFileReference; lastKnownFileType = sourcecode.swift; path = MenuBarView.swift; sourceTree = "<group>"; };
		F9FF7E1FDA260CA3B51BAB0D /* CallTranscription.app */ = {isa = PBXFileReference; explicitFileType = wrapper.application; includeInIndex = 0; path = CallTranscription.app; sourceTree = BUILT_PRODUCTS_DIR; };
		FD8032029B057A6210C5464C /* StopRecordingIntentTests.swift */ = {isa = PBXFileReference; lastKnownFileType = sourcecode.swift; path = StopRecordingIntentTests.swift; sourceTree = "<group>"; };
		FFB9E1DE02AD3F396823FAD0 /* OutputFolderManager.swift */ = {isa = PBXFileReference; lastKnownFileType = sourcecode.swift; path = OutputFolderManager.swift; sourceTree = "<group>"; };
/* End PBXFileReference section */

/* Begin PBXGroup section */
		12A930CD0304E487F02D56A7 /* Storage */ = {
			isa = PBXGroup;
			children = (
				AF4DE81C3FBB277DD83F66AC /* OutputFolderManagerTests.swift */,
				5762BC9ACB64399002352CBC /* TranscriptWriterTests.swift */,
			);
			path = Storage;
			sourceTree = "<group>";
		};
		13588296ABA4875370332CC1 /* Security */ = {
			isa = PBXGroup;
			children = (
				E987A255272E791E09EFCF42 /* PathValidator.swift */,
			);
			path = Security;
			sourceTree = "<group>";
		};
		1708046EDA2AC2CA298FCFAF /* Security */ = {
			isa = PBXGroup;
			children = (
				C714FE708AA83CCBFB9AFE4F /* PathValidatorTests.swift */,
			);
			path = Security;
			sourceTree = "<group>";
		};
		2002D1D1B9C323A0F45096C7 /* CallTranscription */ = {
			isa = PBXGroup;
			children = (
				88F77224D3D8A90FADD99091 /* AppState.swift */,
				1507D82FC70B697ADB891DF6 /* CallTranscriptionApp.swift */,
				0657F96D2E40E3389E766B07 /* CallTranscriptionError.swift */,
				9EB4D4EEBFD4A3E9A5D0024F /* RecordingConfiguration.swift */,
				B7E28C8E9612924BB5C64308 /* RecordingSessionCoordinator.swift */,
				526F7898F32599D609B8734B /* AppleScript */,
				97560CEE9FA19460F9B7C5DE /* Audio */,
				55322965C4CAB968762B8752 /* Intents */,
				202FE4ACB0953CCCFE318AAC /* Permissions */,
				3775B97073F687089E3C000B /* PostProcessing */,
				C894CB8285930FC81F1C4910 /* Resources */,
				13588296ABA4875370332CC1 /* Security */,
				767F1AE815DFF96D6218A791 /* Settings */,
				A2F09DEB5C178DBB7F742CF1 /* Storage */,
				590DE1F1CBFB9A30A264A991 /* Transcription */,
				26EF1C0018BDB2C4BF12BA1C /* Views */,
			);
			path = CallTranscription;
			sourceTree = "<group>";
		};
		202FE4ACB0953CCCFE318AAC /* Permissions */ = {
			isa = PBXGroup;
			children = (
				2AA2244C883B92416DE4803C /* MicrophonePermissionHandler.swift */,
				03224E82517978C1E947CA30 /* SpeechPermissionHandler.swift */,
			);
			path = Permissions;
			sourceTree = "<group>";
		};
		255D5432083CD0174BE32EDE /* Transcription */ = {
			isa = PBXGroup;
			children = (
				D38D6FF52EC1C1B8DED6F095 /* TranscriptionManagerTests.swift */,
			);
			path = Transcription;
			sourceTree = "<group>";
		};
		26EF1C0018BDB2C4BF12BA1C /* Views */ = {
			isa = PBXGroup;
			children = (
				106F623C49C22E447C38C0A5 /* ConsentDialogView.swift */,
				F014C487C1E73F33DAB317CD /* MenuBarView.swift */,
			);
			path = Views;
			sourceTree = "<group>";
		};
		31042A453018B883DC739FEE /* UI */ = {
			isa = PBXGroup;
			children = (
				55CC226A4EC5B2E9BF2C3EB1 /* ConsentDialogViewAccessibilityTests.swift */,
				CC68A1C8D09F5F1981FA49A4 /* ConsentDialogViewTests.swift */,
				1C80480C9753107EF4CBFF14 /* MenuBarViewAccessibilityTests.swift */,
				C7902940F09F84F685C1EE40 /* MenuBarViewTests.swift */,
				2CCD6118658147437E67D5B2 /* SettingsViewAccessibilityTests.swift */,
			);
			path = UI;
			sourceTree = "<group>";
		};
		3775B97073F687089E3C000B /* PostProcessing */ = {
			isa = PBXGroup;
			children = (
				9DA8803714DCC07DE2BE7968 /* ShellScriptExecutor.swift */,
				BDEACAD1884550AA677DE6EE /* ShortcutExecutor.swift */,
			);
			path = PostProcessing;
			sourceTree = "<group>";
		};
		3AF6B30753CC0B26AD7B98F7 /* Products */ = {
			isa = PBXGroup;
			children = (
				F9FF7E1FDA260CA3B51BAB0D /* CallTranscription.app */,
				A92E9C84DD6666FB57E1F970 /* CallTranscriptionTests.xctest */,
			);
			name = Products;
			sourceTree = "<group>";
		};
		526F7898F32599D609B8734B /* AppleScript */ = {
			isa = PBXGroup;
			children = (
				AF0454A6A94BD1B2C55C9CA5 /* AppleScriptCommands.swift */,
				A7F6EAB05A984DD0715379AA /* ScriptableApplication.swift */,
			);
			path = AppleScript;
			sourceTree = "<group>";
		};
		55322965C4CAB968762B8752 /* Intents */ = {
			isa = PBXGroup;
			children = (
				1543958CFB7A5B7CEF498999 /* AppShortcutsProvider.swift */,
				76D6A0D2DE53B9F2DE0D9903 /* AppStateContainer.swift */,
				E1F72653C0B9DF850283C9D0 /* ConfigureSettingsIntent.swift */,
				C315914A2B6A149B42F46FAA /* GetRecordingStatusIntent.swift */,
				0770D247113D1A57736910E5 /* StartRecordingIntent.swift */,
				BCB21276D4BACDB7EB8606C4 /* StopRecordingIntent.swift */,
			);
			path = Intents;
			sourceTree = "<group>";
		};
		55C2B462A2D9FDED67DD10A1 /* Localization */ = {
			isa = PBXGroup;
			children = (
				6737A13ABCCCBFBB9AA11127 /* LocalizationInfrastructureTests.swift */,
				3A5C3850689572C9A2C55CE4 /* MenuBarViewLocalizationTests.swift */,
				86C553264E2BEC77EBFDA63D /* SettingsViewPart1LocalizationTests.swift */,
			);
			path = Localization;
			sourceTree = "<group>";
		};
		580AD3ACE9D66E6A9785A00C /* Audio */ = {
			isa = PBXGroup;
			children = (
				5402519B03BCFDD48BA7E0B9 /* AudioLevelAnalyzerTests.swift */,
				83E15EB281B79A6B4C0CC140 /* AudioMixerTests.swift */,
				661EF16D5EE1366035BC2141 /* MicrophoneCaptureTests.swift */,
				0F554556A6C0492E90F16701 /* SilenceDetectorTests.swift */,
				C4F8DE56AE6A1D906B04577D /* SystemAudioCaptureTests.swift */,
			);
			path = Audio;
			sourceTree = "<group>";
		};
		590DE1F1CBFB9A30A264A991 /* Transcription */ = {
			isa = PBXGroup;
			children = (
				564F2A521BDBF6210D695200 /* TranscriptionManager.swift */,
			);
			path = Transcription;
			sourceTree = "<group>";
		};
		6368B2BCCE9735458AF4AC30 /* Permissions */ = {
			isa = PBXGroup;
			children = (
				B422AA672952D72BE7C03543 /* MicrophonePermissionHandlerTests.swift */,
				4777782B3B8224DE61225D48 /* SpeechPermissionHandlerTests.swift */,
			);
			path = Permissions;
			sourceTree = "<group>";
		};
		717A5DE8E219C0DBF6DC252D /* Intents */ = {
			isa = PBXGroup;
			children = (
				8CFC3A44160366392EB433DF /* AppShortcutsProviderTests.swift */,
				837EB55A7B5FA3FCC3F48B0C /* ConfigureSettingsIntentTests.swift */,
				99028A1B021868435F18DE9D /* GetRecordingStatusIntentTests.swift */,
				060C4319EF5EA679D9AFAC0A /* IntentsIntegrationTests.swift */,
				B2D30E8B7C1AA1546E008ABB /* StartRecordingIntentTests.swift */,
				FD8032029B057A6210C5464C /* StopRecordingIntentTests.swift */,
			);
			path = Intents;
			sourceTree = "<group>";
		};
		767F1AE815DFF96D6218A791 /* Settings */ = {
			isa = PBXGroup;
			children = (
				313D538D7EB1D0E45613B4ED /* SettingsManager.swift */,
				7E7A54A678DA5B048E710A0E /* SettingsView.swift */,
				656AAD017BD8575B48738BE6 /* SettingsViewCache.swift */,
				EF4859E4D9A79148CCAB4AC5 /* SilencePauseThreshold.swift */,
			);
			path = Settings;
			sourceTree = "<group>";
		};
		7E5244785DAD8CF223609672 /* AppleScript */ = {
			isa = PBXGroup;
			children = (
				022C66243E277745CFB35522 /* AppleScriptCommandsTests.swift */,
				95AC1A98A7166B70D569FCAE /* AppleScriptIntegrationTests.swift */,
			);
			path = AppleScript;
			sourceTree = "<group>";
		};
		8C6BF52A36E8F71424E90932 /* Settings */ = {
			isa = PBXGroup;
			children = (
				505AB35CBBAFC38A3F994C27 /* SettingsManagerTests.swift */,
				E8CD4216B9C3A5370BCC0C34 /* SettingsViewCacheTests.swift */,
				A8EDECC3E117D2BC547E9BC3 /* SettingsViewTests.swift */,
			);
			path = Settings;
			sourceTree = "<group>";
		};
		97560CEE9FA19460F9B7C5DE /* Audio */ = {
			isa = PBXGroup;
			children = (
				096E793E6FE8FA52FB8956F0 /* AudioLevelAnalyzer.swift */,
				1B771836D4E7099E97A3CCDD /* AudioMixer.swift */,
				E5D003BED620B269E29D8CDA /* MicrophoneCapture.swift */,
				3E442F96EB088404DD4DAF1E /* SilenceDetector.swift */,
				48956BE463D64897BAACB155 /* SystemAudioCapture.swift */,
			);
			path = Audio;
			sourceTree = "<group>";
		};
		A2F09DEB5C178DBB7F742CF1 /* Storage */ = {
			isa = PBXGroup;
			children = (
				FFB9E1DE02AD3F396823FAD0 /* OutputFolderManager.swift */,
				1599984599A99DDB699C1CD0 /* TranscriptWriter.swift */,
			);
			path = Storage;
			sourceTree = "<group>";
		};
		BFDC54EA1625ABC6F5B61DEC /* CallTranscriptionTests */ = {
			isa = PBXGroup;
			children = (
				7803A35D6B08C16D4B169935 /* AppStateTests.swift */,
				143FA64342B9D7E610046B7E /* CallTranscriptionErrorTests.swift */,
				6B18C6601268A155FA1A1829 /* CallTranscriptionTests.entitlements */,
				6A9E66C5100147BA741122CD /* DocumentationTests.swift */,
				C1BA3BDC46457393389C4602 /* EndToEndIntegrationTests.swift */,
				C1EC3A1B8C79D0543AB06927 /* PerformanceAndMemoryTests.swift */,
				AAB7B8EFF1D85E68D2829EB8 /* ProjectConfigurationTests.swift */,
				680A84F158E14BBD21E703A8 /* RecordingSessionCoordinatorTests.swift */,
				9A1AD9EA54881A02441408A1 /* VisualAssetsTests.swift */,
				7E5244785DAD8CF223609672 /* AppleScript */,
				580AD3ACE9D66E6A9785A00C /* Audio */,
				717A5DE8E219C0DBF6DC252D /* Intents */,
				55C2B462A2D9FDED67DD10A1 /* Localization */,
				6368B2BCCE9735458AF4AC30 /* Permissions */,
				E8AA0B7ECC1B9AEF9EFFD691 /* PostProcessing */,
				1708046EDA2AC2CA298FCFAF /* Security */,
				8C6BF52A36E8F71424E90932 /* Settings */,
				12A930CD0304E487F02D56A7 /* Storage */,
				255D5432083CD0174BE32EDE /* Transcription */,
				31042A453018B883DC739FEE /* UI */,
			);
			path = CallTranscriptionTests;
			sourceTree = "<group>";
		};
		C894CB8285930FC81F1C4910 /* Resources */ = {
			isa = PBXGroup;
			children = (
				1D8A2C43766356DF4D35DD84 /* Localizable.xcstrings */,
			);
			path = Resources;
			sourceTree = "<group>";
		};
		CDBEEA18F12D04C00240FDC2 = {
			isa = PBXGroup;
			children = (
				2002D1D1B9C323A0F45096C7 /* CallTranscription */,
				BFDC54EA1625ABC6F5B61DEC /* CallTranscriptionTests */,
				3AF6B30753CC0B26AD7B98F7 /* Products */,
			);
			sourceTree = "<group>";
		};
		E8AA0B7ECC1B9AEF9EFFD691 /* PostProcessing */ = {
			isa = PBXGroup;
			children = (
				1235EA4033020F640692F879 /* ShellScriptExecutorTests.swift */,
				C62A30A04C1CDC6F8981F1DA /* ShortcutExecutorTests.swift */,
			);
			path = PostProcessing;
			sourceTree = "<group>";
		};
/* End PBXGroup section */

/* Begin PBXNativeTarget section */
		B28EBDD175DE8393D7795B4B /* CallTranscription */ = {
			isa = PBXNativeTarget;
			buildConfigurationList = D2A2172EB0D6D08293B9B0A5 /* Build configuration list for PBXNativeTarget "CallTranscription" */;
			buildPhases = (
				D19E6ABAA8367A09B0CFA492 /* Validate Configuration */,
				45855FF6E19E433714BB9132 /* Sources */,
				64C7F219E049A29C99CA5EA0 /* Resources */,
			);
			buildRules = (
			);
			dependencies = (
			);
			name = CallTranscription;
			packageProductDependencies = (
			);
			productName = CallTranscription;
			productReference = F9FF7E1FDA260CA3B51BAB0D /* CallTranscription.app */;
			productType = "com.apple.product-type.application";
		};
		C1D114913E4B12CEFB3836A3 /* CallTranscriptionTests */ = {
			isa = PBXNativeTarget;
			buildConfigurationList = 0A398A9BA5EA76F24569FF36 /* Build configuration list for PBXNativeTarget "CallTranscriptionTests" */;
			buildPhases = (
				7A56378BA0480398AB19D94E /* Sources */,
			);
			buildRules = (
			);
			dependencies = (
				FA491859582B4F60E0900877 /* PBXTargetDependency */,
			);
			name = CallTranscriptionTests;
			packageProductDependencies = (
			);
			productName = CallTranscriptionTests;
			productReference = A92E9C84DD6666FB57E1F970 /* CallTranscriptionTests.xctest */;
			productType = "com.apple.product-type.bundle.unit-test";
		};
/* End PBXNativeTarget section */

/* Begin PBXProject section */
		105D377AC1DABA1E21ED2E59 /* Project object */ = {
			isa = PBXProject;
			attributes = {
				BuildIndependentTargetsInParallel = YES;
				LastUpgradeCheck = 1430;
				TargetAttributes = {
					B28EBDD175DE8393D7795B4B = {
						DevelopmentTeam = "";
						ProvisioningStyle = Automatic;
					};
					C1D114913E4B12CEFB3836A3 = {
						DevelopmentTeam = "";
						ProvisioningStyle = Automatic;
					};
				};
			};
			buildConfigurationList = B04BF69B4DC2C4B07F658FBC /* Build configuration list for PBXProject "Olive" */;
			compatibilityVersion = "Xcode 14.0";
			developmentRegion = en;
			hasScannedForEncodings = 0;
			knownRegions = (
				Base,
				de,
				en,
				es,
				fr,
				ja,
				"zh-Hans",
			);
			mainGroup = CDBEEA18F12D04C00240FDC2;
			minimizedProjectReferenceProxies = 1;
			preferredProjectObjectVersion = 77;
			projectDirPath = "";
			projectRoot = "";
			targets = (
				B28EBDD175DE8393D7795B4B /* CallTranscription */,
				C1D114913E4B12CEFB3836A3 /* CallTranscriptionTests */,
			);
		};
/* End PBXProject section */

/* Begin PBXResourcesBuildPhase section */
		64C7F219E049A29C99CA5EA0 /* Resources */ = {
			isa = PBXResourcesBuildPhase;
			buildActionMask = 2147483647;
			files = (
				D9439D7EB36AE114952EC717 /* Localizable.xcstrings in Resources */,
			);
			runOnlyForDeploymentPostprocessing = 0;
		};
/* End PBXResourcesBuildPhase section */

/* Begin PBXShellScriptBuildPhase section */
		D19E6ABAA8367A09B0CFA492 /* Validate Configuration */ = {
			isa = PBXShellScriptBuildPhase;
			alwaysOutOfDate = 1;
			buildActionMask = 2147483647;
			files = (
			);
			inputFileListPaths = (
			);
			inputPaths = (
			);
			name = "Validate Configuration";
			outputFileListPaths = (
			);
			outputPaths = (
			);
			runOnlyForDeploymentPostprocessing = 0;
			shellPath = /bin/sh;
			shellScript = "# Validate project configuration before build\n\"${PROJECT_DIR}/scripts/validate-configuration.swift\"\n";
			showEnvVarsInLog = 0;
		};
/* End PBXShellScriptBuildPhase section */

/* Begin PBXSourcesBuildPhase section */
		45855FF6E19E433714BB9132 /* Sources */ = {
			isa = PBXSourcesBuildPhase;
			buildActionMask = 2147483647;
			files = (
				5DDBA841B27D820FC9888C14 /* AppShortcutsProvider.swift in Sources */,
				90F7EC4F9D2B467B8ED305F3 /* AppState.swift in Sources */,
				12CFA8919C1C890A1ED1A70C /* AppStateContainer.swift in Sources */,
				554F0F9A6C34099BC9570968 /* AppleScriptCommands.swift in Sources */,
				D219F51D9F11A6AF21E312F5 /* AudioLevelAnalyzer.swift in Sources */,
				A3E16D97897C092E8CA6B4A7 /* AudioMixer.swift in Sources */,
				35801BF24D60AF75A758E0AF /* CallTranscriptionApp.swift in Sources */,
				47CE13A6B71D647D54BD84DE /* CallTranscriptionError.swift in Sources */,
				7F562D9749E9136C5552ABB3 /* ConfigureSettingsIntent.swift in Sources */,
				45F7253F3E3CA0D9887D15D7 /* ConsentDialogView.swift in Sources */,
				946D4036F6FEF82E0CA73D0E /* GetRecordingStatusIntent.swift in Sources */,
				667A0C69A41F1FDFE6BEF844 /* MenuBarView.swift in Sources */,
				E3B767918CD9A08B2A6FDE40 /* MicrophoneCapture.swift in Sources */,
				3A2462BD7D9EF2BDDE330B66 /* MicrophonePermissionHandler.swift in Sources */,
				9A57251349AAB7DF82D8B6F3 /* OutputFolderManager.swift in Sources */,
				CE1D73E556C8FD65B90116D6 /* PathValidator.swift in Sources */,
				BCA18FC8211BBED1A8EBFA2E /* RecordingConfiguration.swift in Sources */,
				FF709386F695A885ADE80224 /* RecordingSessionCoordinator.swift in Sources */,
				1BB70970282EF3C43F08326D /* ScriptableApplication.swift in Sources */,
				CA24C1DD2440AD36AE089F8B /* SettingsManager.swift in Sources */,
				6D6D093E40D6B3DCEA49FCC0 /* SettingsView.swift in Sources */,
				162F637936AD7628883EBD65 /* SettingsViewCache.swift in Sources */,
				1874D46A24881DD6BE7AAAD0 /* ShellScriptExecutor.swift in Sources */,
				686EAA42BCD5A4BC6C0423C2 /* ShortcutExecutor.swift in Sources */,
				B9293BE03032849F5F480414 /* SilenceDetector.swift in Sources */,
				0EBD5316A0F3E5E9493AFACE /* SilencePauseThreshold.swift in Sources */,
				A0E877061DB3A07AD34391E8 /* SpeechPermissionHandler.swift in Sources */,
				D5E6316506F8765F1D8E1469 /* StartRecordingIntent.swift in Sources */,
				0F886F808C24AD1FAA99478B /* StopRecordingIntent.swift in Sources */,
				6E8F1A28DF73EB8F094B72E9 /* SystemAudioCapture.swift in Sources */,
				968C93EB15F75899E8EEECA3 /* TranscriptWriter.swift in Sources */,
				E55898E021914602C9C8AA8A /* TranscriptionManager.swift in Sources */,
			);
			runOnlyForDeploymentPostprocessing = 0;
		};
		7A56378BA0480398AB19D94E /* Sources */ = {
			isa = PBXSourcesBuildPhase;
			buildActionMask = 2147483647;
			files = (
				E53DADB98F0EB48ED69FF3AC /* AppShortcutsProviderTests.swift in Sources */,
				E5054B71ACFB5D1B96C6562F /* AppStateTests.swift in Sources */,
				7AB2D7448A3CF22502BCE9C1 /* AppleScriptCommandsTests.swift in Sources */,
				5B02295540A952BABE02E3B6 /* AppleScriptIntegrationTests.swift in Sources */,
				827E8015E7D05D6B3E34BD07 /* AudioLevelAnalyzerTests.swift in Sources */,
				90F9DC491B4E83FD407B502D /* AudioMixerTests.swift in Sources */,
				B3FD3C7687B0155E2E51ADC5 /* CallTranscriptionErrorTests.swift in Sources */,
				A1C59421C0AA40A8B1589B98 /* ConfigureSettingsIntentTests.swift in Sources */,
				A6687A5D123A47F86ED66907 /* ConsentDialogViewAccessibilityTests.swift in Sources */,
				FF46D0CEF84D6571340AC619 /* ConsentDialogViewTests.swift in Sources */,
				6256204984916781E48DF883 /* DocumentationTests.swift in Sources */,
				CE2CB29FEAF80F02292FDCD3 /* EndToEndIntegrationTests.swift in Sources */,
				323CC4E499021C9A652C893B /* GetRecordingStatusIntentTests.swift in Sources */,
				CB7550B052F8146B148F67BC /* IntentsIntegrationTests.swift in Sources */,
				8B6D2CF1D934F28904543C3A /* LocalizationInfrastructureTests.swift in Sources */,
				8EDC58CA384E0DBF3EAE4E62 /* MenuBarViewAccessibilityTests.swift in Sources */,
				A410FDBC8CD2A33C6A09C1B4 /* MenuBarViewLocalizationTests.swift in Sources */,
				355A16907F2EF67A79BA08E4 /* MenuBarViewTests.swift in Sources */,
				ECAC234A1784BE93CA802A10 /* MicrophoneCaptureTests.swift in Sources */,
				A60DD92FFE0109CBEBAB38FD /* MicrophonePermissionHandlerTests.swift in Sources */,
				E677AD9CE31EA46B860EB01C /* OutputFolderManagerTests.swift in Sources */,
				87C2F7E5A8326973EEC14B37 /* PathValidatorTests.swift in Sources */,
				E4F497E4EB98C392262C4D27 /* PerformanceAndMemoryTests.swift in Sources */,
				9F3DC7A0EF8A3341F86DE6BA /* ProjectConfigurationTests.swift in Sources */,
				0A15875862C8EB1A86E3C792 /* RecordingSessionCoordinatorTests.swift in Sources */,
				8540D429DC2F0F7244CFED02 /* SettingsManagerTests.swift in Sources */,
				5D314F676298F5F207DA2409 /* SettingsViewAccessibilityTests.swift in Sources */,
				C3C9EB6DEB88192A2315379B /* SettingsViewCacheTests.swift in Sources */,
				F0868F0B3B58B1C8E9B81F93 /* SettingsViewPart1LocalizationTests.swift in Sources */,
				B389554621A06C69E8D96312 /* SettingsViewTests.swift in Sources */,
				4DD997AC21F137568A88FD79 /* ShellScriptExecutorTests.swift in Sources */,
				864FCECF141EE8467DD83EC6 /* ShortcutExecutorTests.swift in Sources */,
				CDEC22DE30999B85093C5F68 /* SilenceDetectorTests.swift in Sources */,
				7001D88F47E8FEF996BCD70E /* SpeechPermissionHandlerTests.swift in Sources */,
				24C19C2FF04420A471104E28 /* StartRecordingIntentTests.swift in Sources */,
				A16119F89CE97C74F8D1EB8E /* StopRecordingIntentTests.swift in Sources */,
				F74E8FFC67136B49D5647BED /* SystemAudioCaptureTests.swift in Sources */,
				23CDD1E1F57C35E1BACD9CD0 /* TranscriptWriterTests.swift in Sources */,
				EC636BDA3F980B84EB5B1CA6 /* TranscriptionManagerTests.swift in Sources */,
				20E5D0DE02442FFF8F13ECE9 /* VisualAssetsTests.swift in Sources */,
			);
			runOnlyForDeploymentPostprocessing = 0;
		};
/* End PBXSourcesBuildPhase section */

/* Begin PBXTargetDependency section */
		FA491859582B4F60E0900877 /* PBXTargetDependency */ = {
			isa = PBXTargetDependency;
			target = B28EBDD175DE8393D7795B4B /* CallTranscription */;
			targetProxy = BB1746B94E97CCAE21D99012 /* PBXContainerItemProxy */;
		};
/* End PBXTargetDependency section */

/* Begin XCBuildConfiguration section */
		8A013E5A96A18CD4F390FC42 /* Release */ = {
			isa = XCBuildConfiguration;
			buildSettings = {
				BUNDLE_LOADER = "$(TEST_HOST)";
				CODE_SIGN_ENTITLEMENTS = CallTranscriptionTests/CallTranscriptionTests.entitlements;
				COMBINE_HIDPI_IMAGES = YES;
				GENERATE_INFOPLIST_FILE = YES;
				LD_RUNPATH_SEARCH_PATHS = (
					"$(inherited)",
					"@executable_path/../Frameworks",
					"@loader_path/../Frameworks",
				);
				PRODUCT_BUNDLE_IDENTIFIER = dev.rygn.CallTranscriptionTests;
				PRODUCT_MODULE_NAME = CallTranscriptionTests;
				SDKROOT = macosx;
				SWIFT_OPTIMIZATION_LEVEL = "-O";
				TEST_HOST = "$(BUILT_PRODUCTS_DIR)/Olive.app/Contents/MacOS/Olive";
			};
			name = Release;
		};
		957D1135C469994B353725F5 /* Debug */ = {
			isa = XCBuildConfiguration;
			buildSettings = {
				BUNDLE_LOADER = "$(TEST_HOST)";
				CODE_SIGN_ENTITLEMENTS = CallTranscriptionTests/CallTranscriptionTests.entitlements;
				COMBINE_HIDPI_IMAGES = YES;
				GENERATE_INFOPLIST_FILE = YES;
				LD_RUNPATH_SEARCH_PATHS = (
					"$(inherited)",
					"@executable_path/../Frameworks",
					"@loader_path/../Frameworks",
				);
				ONLY_ACTIVE_ARCH = YES;
				PRODUCT_BUNDLE_IDENTIFIER = dev.rygn.CallTranscriptionTests;
				PRODUCT_MODULE_NAME = CallTranscriptionTests;
				SDKROOT = macosx;
				SWIFT_OPTIMIZATION_LEVEL = "-Onone";
				TEST_HOST = "$(BUILT_PRODUCTS_DIR)/Olive.app/Contents/MacOS/Olive";
			};
			name = Debug;
		};
		ADC8F55F521D01BB039EFA34 /* Release */ = {
			isa = XCBuildConfiguration;
			buildSettings = {
				ALWAYS_SEARCH_USER_PATHS = NO;
				CLANG_ANALYZER_NONNULL = YES;
				CLANG_ANALYZER_NUMBER_OBJECT_CONVERSION = YES_AGGRESSIVE;
				CLANG_CXX_LANGUAGE_STANDARD = "gnu++14";
				CLANG_CXX_LIBRARY = "libc++";
				CLANG_ENABLE_MODULES = YES;
				CLANG_ENABLE_OBJC_ARC = YES;
				CLANG_ENABLE_OBJC_WEAK = YES;
				CLANG_WARN_BLOCK_CAPTURE_AUTORELEASING = YES;
				CLANG_WARN_BOOL_CONVERSION = YES;
				CLANG_WARN_COMMA = YES;
				CLANG_WARN_CONSTANT_CONVERSION = YES;
				CLANG_WARN_DEPRECATED_OBJC_IMPLEMENTATIONS = YES;
				CLANG_WARN_DIRECT_OBJC_ISA_USAGE = YES_ERROR;
				CLANG_WARN_DOCUMENTATION_COMMENTS = YES;
				CLANG_WARN_EMPTY_BODY = YES;
				CLANG_WARN_ENUM_CONVERSION = YES;
				CLANG_WARN_INFINITE_RECURSION = YES;
				CLANG_WARN_INT_CONVERSION = YES;
				CLANG_WARN_NON_LITERAL_NULL_CONVERSION = YES;
				CLANG_WARN_OBJC_IMPLICIT_RETAIN_SELF = YES;
				CLANG_WARN_OBJC_LITERAL_CONVERSION = YES;
				CLANG_WARN_OBJC_ROOT_CLASS = YES_ERROR;
				CLANG_WARN_QUOTED_INCLUDE_IN_FRAMEWORK_HEADER = YES;
				CLANG_WARN_RANGE_LOOP_ANALYSIS = YES;
				CLANG_WARN_STRICT_PROTOTYPES = YES;
				CLANG_WARN_SUSPICIOUS_MOVE = YES;
				CLANG_WARN_UNGUARDED_AVAILABILITY = YES_AGGRESSIVE;
				CLANG_WARN_UNREACHABLE_CODE = YES;
				CLANG_WARN__DUPLICATE_METHOD_MATCH = YES;
				CODE_SIGN_ENTITLEMENTS = CallTranscription/CallTranscription.entitlements;
				CODE_SIGN_STYLE = Automatic;
				COPY_PHASE_STRIP = NO;
				DEBUG_INFORMATION_FORMAT = "dwarf-with-dsym";
				DEVELOPMENT_TEAM = "";
				ENABLE_NS_ASSERTIONS = NO;
				ENABLE_PREVIEWS = YES;
				ENABLE_STRICT_OBJC_MSGSEND = YES;
				GCC_C_LANGUAGE_STANDARD = gnu11;
				GCC_NO_COMMON_BLOCKS = YES;
				GCC_WARN_64_TO_32_BIT_CONVERSION = YES;
				GCC_WARN_ABOUT_RETURN_TYPE = YES_ERROR;
				GCC_WARN_UNDECLARED_SELECTOR = YES;
				GCC_WARN_UNINITIALIZED_AUTOS = YES_AGGRESSIVE;
				GCC_WARN_UNUSED_FUNCTION = YES;
				GCC_WARN_UNUSED_VARIABLE = YES;
				GENERATE_INFOPLIST_FILE = NO;
				INFOPLIST_FILE = CallTranscription/Info.plist;
				MACOSX_DEPLOYMENT_TARGET = 26.0;
				MTL_ENABLE_DEBUG_INFO = NO;
				MTL_FAST_MATH = YES;
				PRODUCT_BUNDLE_IDENTIFIER = dev.rygn.Olive;
				PRODUCT_NAME = Olive;
				SDKROOT = macosx;
				SWIFT_COMPILATION_MODE = wholemodule;
				SWIFT_OPTIMIZATION_LEVEL = "-O";
				SWIFT_VERSION = 6.0;
			};
			name = Release;
		};
		D2F5D5BE718962FE0255A35C /* Debug */ = {
			isa = XCBuildConfiguration;
			buildSettings = {
				ASSETCATALOG_COMPILER_APPICON_NAME = AppIcon;
				CODE_SIGN_ENTITLEMENTS = CallTranscription/CallTranscription.entitlements;
				COMBINE_HIDPI_IMAGES = YES;
				DEFINES_MODULE = YES;
				GCC_OPTIMIZATION_LEVEL = 0;
				INFOPLIST_FILE = CallTranscription/Info.plist;
				LD_RUNPATH_SEARCH_PATHS = (
					"$(inherited)",
					"@executable_path/../Frameworks",
				);
				ONLY_ACTIVE_ARCH = YES;
				PRODUCT_BUNDLE_IDENTIFIER = dev.rygn.Olive;
				PRODUCT_MODULE_NAME = CallTranscription;
				SDKROOT = macosx;
				SWIFT_OPTIMIZATION_LEVEL = "-Onone";
			};
			name = Debug;
		};
		D627AEFFD0CC0FB1368AF66E /* Debug */ = {
			isa = XCBuildConfiguration;
			buildSettings = {
				ALWAYS_SEARCH_USER_PATHS = NO;
				CLANG_ANALYZER_NONNULL = YES;
				CLANG_ANALYZER_NUMBER_OBJECT_CONVERSION = YES_AGGRESSIVE;
				CLANG_CXX_LANGUAGE_STANDARD = "gnu++14";
				CLANG_CXX_LIBRARY = "libc++";
				CLANG_ENABLE_MODULES = YES;
				CLANG_ENABLE_OBJC_ARC = YES;
				CLANG_ENABLE_OBJC_WEAK = YES;
				CLANG_WARN_BLOCK_CAPTURE_AUTORELEASING = YES;
				CLANG_WARN_BOOL_CONVERSION = YES;
				CLANG_WARN_COMMA = YES;
				CLANG_WARN_CONSTANT_CONVERSION = YES;
				CLANG_WARN_DEPRECATED_OBJC_IMPLEMENTATIONS = YES;
				CLANG_WARN_DIRECT_OBJC_ISA_USAGE = YES_ERROR;
				CLANG_WARN_DOCUMENTATION_COMMENTS = YES;
				CLANG_WARN_EMPTY_BODY = YES;
				CLANG_WARN_ENUM_CONVERSION = YES;
				CLANG_WARN_INFINITE_RECURSION = YES;
				CLANG_WARN_INT_CONVERSION = YES;
				CLANG_WARN_NON_LITERAL_NULL_CONVERSION = YES;
				CLANG_WARN_OBJC_IMPLICIT_RETAIN_SELF = YES;
				CLANG_WARN_OBJC_LITERAL_CONVERSION = YES;
				CLANG_WARN_OBJC_ROOT_CLASS = YES_ERROR;
				CLANG_WARN_QUOTED_INCLUDE_IN_FRAMEWORK_HEADER = YES;
				CLANG_WARN_RANGE_LOOP_ANALYSIS = YES;
				CLANG_WARN_STRICT_PROTOTYPES = YES;
				CLANG_WARN_SUSPICIOUS_MOVE = YES;
				CLANG_WARN_UNGUARDED_AVAILABILITY = YES_AGGRESSIVE;
				CLANG_WARN_UNREACHABLE_CODE = YES;
				CLANG_WARN__DUPLICATE_METHOD_MATCH = YES;
				CODE_SIGN_ENTITLEMENTS = CallTranscription/CallTranscription.entitlements;
				CODE_SIGN_STYLE = Automatic;
				COPY_PHASE_STRIP = NO;
				DEBUG_INFORMATION_FORMAT = dwarf;
				DEVELOPMENT_TEAM = "";
				ENABLE_PREVIEWS = YES;
				ENABLE_STRICT_OBJC_MSGSEND = YES;
				ENABLE_TESTABILITY = YES;
				GCC_C_LANGUAGE_STANDARD = gnu11;
				GCC_DYNAMIC_NO_PIC = NO;
				GCC_NO_COMMON_BLOCKS = YES;
				GCC_OPTIMIZATION_LEVEL = 0;
				GCC_PREPROCESSOR_DEFINITIONS = (
					"$(inherited)",
					"DEBUG=1",
				);
				GCC_WARN_64_TO_32_BIT_CONVERSION = YES;
				GCC_WARN_ABOUT_RETURN_TYPE = YES_ERROR;
				GCC_WARN_UNDECLARED_SELECTOR = YES;
				GCC_WARN_UNINITIALIZED_AUTOS = YES_AGGRESSIVE;
				GCC_WARN_UNUSED_FUNCTION = YES;
				GCC_WARN_UNUSED_VARIABLE = YES;
				GENERATE_INFOPLIST_FILE = NO;
				INFOPLIST_FILE = CallTranscription/Info.plist;
				MACOSX_DEPLOYMENT_TARGET = 26.0;
				MTL_ENABLE_DEBUG_INFO = INCLUDE_SOURCE;
				MTL_FAST_MATH = YES;
				ONLY_ACTIVE_ARCH = YES;
				PRODUCT_BUNDLE_IDENTIFIER = dev.rygn.Olive;
				PRODUCT_NAME = Olive;
				SDKROOT = macosx;
				SWIFT_ACTIVE_COMPILATION_CONDITIONS = DEBUG;
				SWIFT_OPTIMIZATION_LEVEL = "-Onone";
				SWIFT_VERSION = 6.0;
			};
			name = Debug;
		};
		F50B62B9A5F4B05658A0F798 /* Release */ = {
			isa = XCBuildConfiguration;
			buildSettings = {
				ASSETCATALOG_COMPILER_APPICON_NAME = AppIcon;
				CODE_SIGN_ENTITLEMENTS = CallTranscription/CallTranscription.entitlements;
				COMBINE_HIDPI_IMAGES = YES;
				DEFINES_MODULE = YES;
				GCC_OPTIMIZATION_LEVEL = s;
				INFOPLIST_FILE = CallTranscription/Info.plist;
				LD_RUNPATH_SEARCH_PATHS = (
					"$(inherited)",
					"@executable_path/../Frameworks",
				);
				PRODUCT_BUNDLE_IDENTIFIER = dev.rygn.Olive;
				PRODUCT_MODULE_NAME = CallTranscription;
				SDKROOT = macosx;
				SWIFT_OPTIMIZATION_LEVEL = "-O";
			};
			name = Release;
		};
/* End XCBuildConfiguration section */

/* Begin XCConfigurationList section */
		0A398A9BA5EA76F24569FF36 /* Build configuration list for PBXNativeTarget "CallTranscriptionTests" */ = {
			isa = XCConfigurationList;
			buildConfigurations = (
				957D1135C469994B353725F5 /* Debug */,
				8A013E5A96A18CD4F390FC42 /* Release */,
			);
			defaultConfigurationIsVisible = 0;
			defaultConfigurationName = Debug;
		};
		B04BF69B4DC2C4B07F658FBC /* Build configuration list for PBXProject "Olive" */ = {
			isa = XCConfigurationList;
			buildConfigurations = (
				D627AEFFD0CC0FB1368AF66E /* Debug */,
				ADC8F55F521D01BB039EFA34 /* Release */,
			);
			defaultConfigurationIsVisible = 0;
			defaultConfigurationName = Debug;
		};
		D2A2172EB0D6D08293B9B0A5 /* Build configuration list for PBXNativeTarget "CallTranscription" */ = {
			isa = XCConfigurationList;
			buildConfigurations = (
				D2F5D5BE718962FE0255A35C /* Debug */,
				F50B62B9A5F4B05658A0F798 /* Release */,
			);
			defaultConfigurationIsVisible = 0;
			defaultConfigurationName = Debug;
		};
/* End XCConfigurationList section */
	};
	rootObject = 105D377AC1DABA1E21ED2E59 /* Project object */;
}
