// !$*UTF8*$!
{
	archiveVersion = 1;
	classes = {
	};
	objectVersion = 77;
	objects = {

/* Begin PBXBuildFile section */
		053A944577AD8C87F4BC2EB5 /* MeetingRecorderApp.swift in Sources */ = {isa = PBXBuildFile; fileRef = 04D26A6FD0F50DA4C06EEBC0 /* MeetingRecorderApp.swift */; };
		FB0D772AFC12CEE59F53D174 /* ProjectConfigurationTests.swift in Sources */ = {isa = PBXBuildFile; fileRef = 29A1B24FE6899296FDD40F11 /* ProjectConfigurationTests.swift */; };
/* End PBXBuildFile section */

/* Begin PBXContainerItemProxy section */
		362E9ADA55EF672EE6FB8C1E /* PBXContainerItemProxy */ = {
			isa = PBXContainerItemProxy;
			containerPortal = 4F0F1ED080CAC680BD7BB5BE /* Project object */;
			proxyType = 1;
			remoteGlobalIDString = 93037C6606DB7A7975C52A72;
			remoteInfo = MeetingRecorder;
		};
/* End PBXContainerItemProxy section */

/* Begin PBXFileReference section */
		04D26A6FD0F50DA4C06EEBC0 /* MeetingRecorderApp.swift */ = {isa = PBXFileReference; lastKnownFileType = sourcecode.swift; path = MeetingRecorderApp.swift; sourceTree = "<group>"; };
		29A1B24FE6899296FDD40F11 /* ProjectConfigurationTests.swift */ = {isa = PBXFileReference; lastKnownFileType = sourcecode.swift; path = ProjectConfigurationTests.swift; sourceTree = "<group>"; };
		9C44A872BDECD6F1549C13CA /* MeetingRecorderTests.entitlements */ = {isa = PBXFileReference; lastKnownFileType = text.plist.entitlements; path = MeetingRecorderTests.entitlements; sourceTree = "<group>"; };
		A70F7BE32AB1ED7A9D98D286 /* MeetingRecorderTests.xctest */ = {isa = PBXFileReference; explicitFileType = wrapper.cfbundle; includeInIndex = 0; path = MeetingRecorderTests.xctest; sourceTree = BUILT_PRODUCTS_DIR; };
		CC5A5E7D89DE1ADF1AF506A9 /* MeetingRecorder.app */ = {isa = PBXFileReference; explicitFileType = wrapper.application; includeInIndex = 0; path = MeetingRecorder.app; sourceTree = BUILT_PRODUCTS_DIR; };
/* End PBXFileReference section */

/* Begin PBXGroup section */
		4256E1297D09C85C398306F8 /* Products */ = {
			isa = PBXGroup;
			children = (
				CC5A5E7D89DE1ADF1AF506A9 /* MeetingRecorder.app */,
				A70F7BE32AB1ED7A9D98D286 /* MeetingRecorderTests.xctest */,
			);
			name = Products;
			sourceTree = "<group>";
		};
		82F54D8E8FD9E03D94BA746C /* MeetingRecorderTests */ = {
			isa = PBXGroup;
			children = (
				9C44A872BDECD6F1549C13CA /* MeetingRecorderTests.entitlements */,
				29A1B24FE6899296FDD40F11 /* ProjectConfigurationTests.swift */,
			);
			path = MeetingRecorderTests;
			sourceTree = "<group>";
		};
		D58683CFD574658150FC55C5 /* MeetingRecorder */ = {
			isa = PBXGroup;
			children = (
				04D26A6FD0F50DA4C06EEBC0 /* MeetingRecorderApp.swift */,
			);
			path = MeetingRecorder;
			sourceTree = "<group>";
		};
		FBECA5B86895E43DAE3A93F9 = {
			isa = PBXGroup;
			children = (
				D58683CFD574658150FC55C5 /* MeetingRecorder */,
				82F54D8E8FD9E03D94BA746C /* MeetingRecorderTests */,
				4256E1297D09C85C398306F8 /* Products */,
			);
			sourceTree = "<group>";
		};
/* End PBXGroup section */

/* Begin PBXNativeTarget section */
		44B7EAEEB8CA8C1BED98A6A8 /* MeetingRecorderTests */ = {
			isa = PBXNativeTarget;
			buildConfigurationList = 0755F6E204D4D7574D200CF7 /* Build configuration list for PBXNativeTarget "MeetingRecorderTests" */;
			buildPhases = (
				42533FCB9F395557997D7685 /* Sources */,
			);
			buildRules = (
			);
			dependencies = (
				81BE7850A999F82526786764 /* PBXTargetDependency */,
			);
			name = MeetingRecorderTests;
			packageProductDependencies = (
			);
			productName = MeetingRecorderTests;
			productReference = A70F7BE32AB1ED7A9D98D286 /* MeetingRecorderTests.xctest */;
			productType = "com.apple.product-type.bundle.unit-test";
		};
		93037C6606DB7A7975C52A72 /* MeetingRecorder */ = {
			isa = PBXNativeTarget;
			buildConfigurationList = 9C4F405A057A524AB719C7ED /* Build configuration list for PBXNativeTarget "MeetingRecorder" */;
			buildPhases = (
				1E2877DACF835C25FAE7384D /* Validate Configuration */,
				03BDE06BC707D7361EBFD6DB /* Sources */,
			);
			buildRules = (
			);
			dependencies = (
			);
			name = MeetingRecorder;
			packageProductDependencies = (
			);
			productName = MeetingRecorder;
			productReference = CC5A5E7D89DE1ADF1AF506A9 /* MeetingRecorder.app */;
			productType = "com.apple.product-type.application";
		};
/* End PBXNativeTarget section */

/* Begin PBXProject section */
		4F0F1ED080CAC680BD7BB5BE /* Project object */ = {
			isa = PBXProject;
			attributes = {
				BuildIndependentTargetsInParallel = YES;
				LastUpgradeCheck = 1430;
				TargetAttributes = {
					44B7EAEEB8CA8C1BED98A6A8 = {
						DevelopmentTeam = "";
						ProvisioningStyle = Automatic;
					};
					93037C6606DB7A7975C52A72 = {
						DevelopmentTeam = "";
						ProvisioningStyle = Automatic;
					};
				};
			};
			buildConfigurationList = 7347C05C08B06A94277B6BDF /* Build configuration list for PBXProject "MeetingRecorder" */;
			compatibilityVersion = "Xcode 14.0";
			developmentRegion = en;
			hasScannedForEncodings = 0;
			knownRegions = (
				Base,
				en,
			);
			mainGroup = FBECA5B86895E43DAE3A93F9;
			minimizedProjectReferenceProxies = 1;
			preferredProjectObjectVersion = 77;
			projectDirPath = "";
			projectRoot = "";
			targets = (
				93037C6606DB7A7975C52A72 /* MeetingRecorder */,
				44B7EAEEB8CA8C1BED98A6A8 /* MeetingRecorderTests */,
			);
		};
/* End PBXProject section */

/* Begin PBXShellScriptBuildPhase section */
		1E2877DACF835C25FAE7384D /* Validate Configuration */ = {
			isa = PBXShellScriptBuildPhase;
			alwaysOutOfDate = 1;
			buildActionMask = 2147483647;
			files = (
			);
			inputFileListPaths = (
			);
			inputPaths = (
			);
			name = "Validate Configuration";
			outputFileListPaths = (
			);
			outputPaths = (
			);
			runOnlyForDeploymentPostprocessing = 0;
			shellPath = /bin/sh;
			shellScript = "# Validate project configuration before build\n\"${PROJECT_DIR}/scripts/validate-configuration.swift\"\n";
			showEnvVarsInLog = 0;
		};
/* End PBXShellScriptBuildPhase section */

/* Begin PBXSourcesBuildPhase section */
		03BDE06BC707D7361EBFD6DB /* Sources */ = {
			isa = PBXSourcesBuildPhase;
			buildActionMask = 2147483647;
			files = (
				053A944577AD8C87F4BC2EB5 /* MeetingRecorderApp.swift in Sources */,
			);
			runOnlyForDeploymentPostprocessing = 0;
		};
		42533FCB9F395557997D7685 /* Sources */ = {
			isa = PBXSourcesBuildPhase;
			buildActionMask = 2147483647;
			files = (
				FB0D772AFC12CEE59F53D174 /* ProjectConfigurationTests.swift in Sources */,
			);
			runOnlyForDeploymentPostprocessing = 0;
		};
/* End PBXSourcesBuildPhase section */

/* Begin PBXTargetDependency section */
		81BE7850A999F82526786764 /* PBXTargetDependency */ = {
			isa = PBXTargetDependency;
			target = 93037C6606DB7A7975C52A72 /* MeetingRecorder */;
			targetProxy = 362E9ADA55EF672EE6FB8C1E /* PBXContainerItemProxy */;
		};
/* End PBXTargetDependency section */

/* Begin XCBuildConfiguration section */
		09D8B020F7BEF72E55822E74 /* Release */ = {
			isa = XCBuildConfiguration;
			buildSettings = {
				ALWAYS_SEARCH_USER_PATHS = NO;
				ASSETCATALOG_COMPILER_APPICON_NAME = AppIcon;
				CLANG_ANALYZER_NONNULL = YES;
				CLANG_ANALYZER_NUMBER_OBJECT_CONVERSION = YES_AGGRESSIVE;
				CLANG_CXX_LANGUAGE_STANDARD = "gnu++14";
				CLANG_CXX_LIBRARY = "libc++";
				CLANG_ENABLE_MODULES = YES;
				CLANG_ENABLE_OBJC_ARC = YES;
				CLANG_ENABLE_OBJC_WEAK = YES;
				CLANG_WARN_BLOCK_CAPTURE_AUTORELEASING = YES;
				CLANG_WARN_BOOL_CONVERSION = YES;
				CLANG_WARN_COMMA = YES;
				CLANG_WARN_CONSTANT_CONVERSION = YES;
				CLANG_WARN_DEPRECATED_OBJC_IMPLEMENTATIONS = YES;
				CLANG_WARN_DIRECT_OBJC_ISA_USAGE = YES_ERROR;
				CLANG_WARN_DOCUMENTATION_COMMENTS = YES;
				CLANG_WARN_EMPTY_BODY = YES;
				CLANG_WARN_ENUM_CONVERSION = YES;
				CLANG_WARN_INFINITE_RECURSION = YES;
				CLANG_WARN_INT_CONVERSION = YES;
				CLANG_WARN_NON_LITERAL_NULL_CONVERSION = YES;
				CLANG_WARN_OBJC_IMPLICIT_RETAIN_SELF = YES;
				CLANG_WARN_OBJC_LITERAL_CONVERSION = YES;
				CLANG_WARN_OBJC_ROOT_CLASS = YES_ERROR;
				CLANG_WARN_QUOTED_INCLUDE_IN_FRAMEWORK_HEADER = YES;
				CLANG_WARN_RANGE_LOOP_ANALYSIS = YES;
				CLANG_WARN_STRICT_PROTOTYPES = YES;
				CLANG_WARN_SUSPICIOUS_MOVE = YES;
				CLANG_WARN_UNGUARDED_AVAILABILITY = YES_AGGRESSIVE;
				CLANG_WARN_UNREACHABLE_CODE = YES;
				CLANG_WARN__DUPLICATE_METHOD_MATCH = YES;
				CODE_SIGN_ENTITLEMENTS = MeetingRecorder/MeetingRecorder.entitlements;
				CODE_SIGN_STYLE = Automatic;
				COPY_PHASE_STRIP = NO;
				DEBUG_INFORMATION_FORMAT = "dwarf-with-dsym";
				DEVELOPMENT_TEAM = "";
				ENABLE_NS_ASSERTIONS = NO;
				ENABLE_PREVIEWS = YES;
				ENABLE_STRICT_OBJC_MSGSEND = YES;
				GCC_C_LANGUAGE_STANDARD = gnu11;
				GCC_NO_COMMON_BLOCKS = YES;
				GCC_WARN_64_TO_32_BIT_CONVERSION = YES;
				GCC_WARN_ABOUT_RETURN_TYPE = YES_ERROR;
				GCC_WARN_UNDECLARED_SELECTOR = YES;
				GCC_WARN_UNINITIALIZED_AUTOS = YES_AGGRESSIVE;
				GCC_WARN_UNUSED_FUNCTION = YES;
				GCC_WARN_UNUSED_VARIABLE = YES;
				GENERATE_INFOPLIST_FILE = NO;
				INFOPLIST_FILE = MeetingRecorder/Info.plist;
				MACOSX_DEPLOYMENT_TARGET = 14.2;
				MTL_ENABLE_DEBUG_INFO = NO;
				MTL_FAST_MATH = YES;
				PRODUCT_BUNDLE_IDENTIFIER = com.daltonrooney.MeetingRecorder;
				PRODUCT_NAME = MeetingRecorder;
				SDKROOT = macosx;
				SWIFT_COMPILATION_MODE = wholemodule;
				SWIFT_OPTIMIZATION_LEVEL = "-O";
				SWIFT_VERSION = 6.0;
			};
			name = Release;
		};
		647E4215531FC385806E9629 /* Release */ = {
			isa = XCBuildConfiguration;
			buildSettings = {
				ASSETCATALOG_COMPILER_APPICON_NAME = AppIcon;
				CODE_SIGN_ENTITLEMENTS = MeetingRecorder/MeetingRecorder.entitlements;
				COMBINE_HIDPI_IMAGES = YES;
				DEFINES_MODULE = YES;
				GCC_OPTIMIZATION_LEVEL = s;
				INFOPLIST_FILE = MeetingRecorder/Info.plist;
				LD_RUNPATH_SEARCH_PATHS = (
					"$(inherited)",
					"@executable_path/../Frameworks",
				);
				PRODUCT_BUNDLE_IDENTIFIER = com.daltonrooney.MeetingRecorder;
				PRODUCT_MODULE_NAME = MeetingRecorder;
				SDKROOT = macosx;
				SWIFT_OPTIMIZATION_LEVEL = "-O";
			};
			name = Release;
		};
		7568C7B836495D3FF274AB71 /* Release */ = {
			isa = XCBuildConfiguration;
			buildSettings = {
				BUNDLE_LOADER = "$(TEST_HOST)";
				CODE_SIGN_ENTITLEMENTS = MeetingRecorderTests/MeetingRecorderTests.entitlements;
				COMBINE_HIDPI_IMAGES = YES;
				GENERATE_INFOPLIST_FILE = YES;
				LD_RUNPATH_SEARCH_PATHS = (
					"$(inherited)",
					"@executable_path/../Frameworks",
					"@loader_path/../Frameworks",
				);
				PRODUCT_BUNDLE_IDENTIFIER = com.daltonrooney.MeetingRecorderTests;
				PRODUCT_MODULE_NAME = MeetingRecorderTests;
				SDKROOT = macosx;
				SWIFT_OPTIMIZATION_LEVEL = "-O";
				TEST_HOST = "$(BUILT_PRODUCTS_DIR)/MeetingRecorder.app/Contents/MacOS/MeetingRecorder";
			};
			name = Release;
		};
		CB95EECEA8C7AC30E1F83942 /* Debug */ = {
			isa = XCBuildConfiguration;
			buildSettings = {
				BUNDLE_LOADER = "$(TEST_HOST)";
				CODE_SIGN_ENTITLEMENTS = MeetingRecorderTests/MeetingRecorderTests.entitlements;
				COMBINE_HIDPI_IMAGES = YES;
				GENERATE_INFOPLIST_FILE = YES;
				LD_RUNPATH_SEARCH_PATHS = (
					"$(inherited)",
					"@executable_path/../Frameworks",
					"@loader_path/../Frameworks",
				);
				ONLY_ACTIVE_ARCH = YES;
				PRODUCT_BUNDLE_IDENTIFIER = com.daltonrooney.MeetingRecorderTests;
				PRODUCT_MODULE_NAME = MeetingRecorderTests;
				SDKROOT = macosx;
				SWIFT_OPTIMIZATION_LEVEL = "-Onone";
				TEST_HOST = "$(BUILT_PRODUCTS_DIR)/MeetingRecorder.app/Contents/MacOS/MeetingRecorder";
			};
			name = Debug;
		};
		CC0B8812141DCB110B81F7A6 /* Debug */ = {
			isa = XCBuildConfiguration;
			buildSettings = {
				ASSETCATALOG_COMPILER_APPICON_NAME = AppIcon;
				CODE_SIGN_ENTITLEMENTS = MeetingRecorder/MeetingRecorder.entitlements;
				COMBINE_HIDPI_IMAGES = YES;
				DEFINES_MODULE = YES;
				GCC_OPTIMIZATION_LEVEL = 0;
				INFOPLIST_FILE = MeetingRecorder/Info.plist;
				LD_RUNPATH_SEARCH_PATHS = (
					"$(inherited)",
					"@executable_path/../Frameworks",
				);
				ONLY_ACTIVE_ARCH = YES;
				PRODUCT_BUNDLE_IDENTIFIER = com.daltonrooney.MeetingRecorder;
				PRODUCT_MODULE_NAME = MeetingRecorder;
				SDKROOT = macosx;
				SWIFT_OPTIMIZATION_LEVEL = "-Onone";
			};
			name = Debug;
		};
		CEDC12DC98F83BC8FDB383C1 /* Debug */ = {
			isa = XCBuildConfiguration;
			buildSettings = {
				ALWAYS_SEARCH_USER_PATHS = NO;
				ASSETCATALOG_COMPILER_APPICON_NAME = AppIcon;
				CLANG_ANALYZER_NONNULL = YES;
				CLANG_ANALYZER_NUMBER_OBJECT_CONVERSION = YES_AGGRESSIVE;
				CLANG_CXX_LANGUAGE_STANDARD = "gnu++14";
				CLANG_CXX_LIBRARY = "libc++";
				CLANG_ENABLE_MODULES = YES;
				CLANG_ENABLE_OBJC_ARC = YES;
				CLANG_ENABLE_OBJC_WEAK = YES;
				CLANG_WARN_BLOCK_CAPTURE_AUTORELEASING = YES;
				CLANG_WARN_BOOL_CONVERSION = YES;
				CLANG_WARN_COMMA = YES;
				CLANG_WARN_CONSTANT_CONVERSION = YES;
				CLANG_WARN_DEPRECATED_OBJC_IMPLEMENTATIONS = YES;
				CLANG_WARN_DIRECT_OBJC_ISA_USAGE = YES_ERROR;
				CLANG_WARN_DOCUMENTATION_COMMENTS = YES;
				CLANG_WARN_EMPTY_BODY = YES;
				CLANG_WARN_ENUM_CONVERSION = YES;
				CLANG_WARN_INFINITE_RECURSION = YES;
				CLANG_WARN_INT_CONVERSION = YES;
				CLANG_WARN_NON_LITERAL_NULL_CONVERSION = YES;
				CLANG_WARN_OBJC_IMPLICIT_RETAIN_SELF = YES;
				CLANG_WARN_OBJC_LITERAL_CONVERSION = YES;
				CLANG_WARN_OBJC_ROOT_CLASS = YES_ERROR;
				CLANG_WARN_QUOTED_INCLUDE_IN_FRAMEWORK_HEADER = YES;
				CLANG_WARN_RANGE_LOOP_ANALYSIS = YES;
				CLANG_WARN_STRICT_PROTOTYPES = YES;
				CLANG_WARN_SUSPICIOUS_MOVE = YES;
				CLANG_WARN_UNGUARDED_AVAILABILITY = YES_AGGRESSIVE;
				CLANG_WARN_UNREACHABLE_CODE = YES;
				CLANG_WARN__DUPLICATE_METHOD_MATCH = YES;
				CODE_SIGN_ENTITLEMENTS = MeetingRecorder/MeetingRecorder.entitlements;
				CODE_SIGN_STYLE = Automatic;
				COPY_PHASE_STRIP = NO;
				DEBUG_INFORMATION_FORMAT = dwarf;
				DEVELOPMENT_TEAM = "";
				ENABLE_PREVIEWS = YES;
				ENABLE_STRICT_OBJC_MSGSEND = YES;
				ENABLE_TESTABILITY = YES;
				GCC_C_LANGUAGE_STANDARD = gnu11;
				GCC_DYNAMIC_NO_PIC = NO;
				GCC_NO_COMMON_BLOCKS = YES;
				GCC_OPTIMIZATION_LEVEL = 0;
				GCC_PREPROCESSOR_DEFINITIONS = (
					"$(inherited)",
					"DEBUG=1",
				);
				GCC_WARN_64_TO_32_BIT_CONVERSION = YES;
				GCC_WARN_ABOUT_RETURN_TYPE = YES_ERROR;
				GCC_WARN_UNDECLARED_SELECTOR = YES;
				GCC_WARN_UNINITIALIZED_AUTOS = YES_AGGRESSIVE;
				GCC_WARN_UNUSED_FUNCTION = YES;
				GCC_WARN_UNUSED_VARIABLE = YES;
				GENERATE_INFOPLIST_FILE = NO;
				INFOPLIST_FILE = MeetingRecorder/Info.plist;
				MACOSX_DEPLOYMENT_TARGET = 14.2;
				MTL_ENABLE_DEBUG_INFO = INCLUDE_SOURCE;
				MTL_FAST_MATH = YES;
				ONLY_ACTIVE_ARCH = YES;
				PRODUCT_BUNDLE_IDENTIFIER = com.daltonrooney.MeetingRecorder;
				PRODUCT_NAME = MeetingRecorder;
				SDKROOT = macosx;
				SWIFT_ACTIVE_COMPILATION_CONDITIONS = DEBUG;
				SWIFT_OPTIMIZATION_LEVEL = "-Onone";
				SWIFT_VERSION = 6.0;
			};
			name = Debug;
		};
/* End XCBuildConfiguration section */

/* Begin XCConfigurationList section */
		0755F6E204D4D7574D200CF7 /* Build configuration list for PBXNativeTarget "MeetingRecorderTests" */ = {
			isa = XCConfigurationList;
			buildConfigurations = (
				CB95EECEA8C7AC30E1F83942 /* Debug */,
				7568C7B836495D3FF274AB71 /* Release */,
			);
			defaultConfigurationIsVisible = 0;
			defaultConfigurationName = Debug;
		};
		7347C05C08B06A94277B6BDF /* Build configuration list for PBXProject "MeetingRecorder" */ = {
			isa = XCConfigurationList;
			buildConfigurations = (
				CEDC12DC98F83BC8FDB383C1 /* Debug */,
				09D8B020F7BEF72E55822E74 /* Release */,
			);
			defaultConfigurationIsVisible = 0;
			defaultConfigurationName = Debug;
		};
		9C4F405A057A524AB719C7ED /* Build configuration list for PBXNativeTarget "MeetingRecorder" */ = {
			isa = XCConfigurationList;
			buildConfigurations = (
				CC0B8812141DCB110B81F7A6 /* Debug */,
				647E4215531FC385806E9629 /* Release */,
			);
			defaultConfigurationIsVisible = 0;
			defaultConfigurationName = Debug;
		};
/* End XCConfigurationList section */
	};
	rootObject = 4F0F1ED080CAC680BD7BB5BE /* Project object */;
}
